{
  "name": "windowsfy",
  "version": "0.1.0",
  "lockfileVersion": 3,
  "requires": true,
  "packages": {
    "": {
      "name": "windowsfy",
      "version": "0.1.0",
      "devDependencies": {
        "poku": "^4.3.1"
      }
    },
    "node_modules/poku": {
      "version": "4.3.1",
      "resolved": "https://registry.npmjs.org/poku/-/poku-4.3.1.tgz",
      "integrity": "sha512-L2+kUcc8UYydU8qA+A6637U+s8psYiPm1xsE3yQCvZKccBAgbSq8ilmYjruz5nGtDipqRS36wUwn2NLsXXdLxQ==",
      "dev": true,
      "license": "MIT",
      "bin": {
        "poku": "lib/bin/index.js"
      },
      "engines": {
        "bun": ">=1.x.x",
        "deno": ">=2.x.x",
        "node": ">=16.x.x",
        "typescript": ">=5.x.x"
      },
      "funding": {
        "type": "github",
        "url": "https://github.com/sponsors/wellwelwel"
      }
    }
  }
}
